
Microsoft Visual Studio Solution File, Format Version 12.00
# Visual Studio Version 16
VisualStudioVersion = 16.0.808.7
MinimumVisualStudioVersion = 10.0.40219.1
Project("{FAE04EC0-301F-11D3-BF4B-00C04F79EFBC}") = "CommitWriter", "CommitWriter\CommitWriter.csproj", "{C440DA50-7BF8-467B-AEFB-418E18329E69}"
EndProject
Global
	GlobalSection(SolutionConfigurationPlatforms) = preSolution
		Debug|Any CPU = Debug|Any CPU
		Release|Any CPU = Release|Any CPU
	EndGlobalSection
	GlobalSection(ProjectConfigurationPlatforms) = postSolution
		{C440DA50-7BF8-467B-AEFB-418E18329E69}.Debug|Any CPU.ActiveCfg = Debug|Any CPU
		{C440DA50-7BF8-467B-AEFB-418E18329E69}.Debug|Any CPU.Build.0 = Debug|Any CPU
		{C440DA50-7BF8-467B-AEFB-418E18329E69}.Release|Any CPU.ActiveCfg = Release|Any CPU
		{C440DA50-7BF8-467B-AEFB-418E18329E69}.Release|Any CPU.Build.0 = Release|Any CPU
	EndGlobalSection
	GlobalSection(SolutionProperties) = preSolution
		HideSolutionNode = FALSE
	EndGlobalSection
	GlobalSection(ExtensibilityGlobals) = postSolution
		SolutionGuid = {B0D860E4-6A90-44DE-B41A-3424A4703CE6}
	EndGlobalSection
EndGlobal
